
Microsoft Visual Studio Solution File, Format Version 12.00
# Visual Studio Version 17
VisualStudioVersion = 17.8.34330.188
MinimumVisualStudioVersion = 10.0.40219.1
Project("{9A19103F-16F7-4668-BE54-9A1E7A4F7556}") = "TinyXlsx", "TinyXlsx\TinyXlsx.csproj", "{BB325EBA-D793-475C-B395-EA7732D686C4}"
EndProject
Project("{2150E333-8FDC-42A3-9474-1A3956D46DE8}") = "Solution Items", "Solution Items", "{237A7F1D-2513-4BD7-A397-435DB196C56C}"
	ProjectSection(SolutionItems) = preProject
		.gitignore = .gitignore
		LICENSE = LICENSE
		README.md = README.md
	EndProjectSection
EndProject
Project("{9A19103F-16F7-4668-BE54-9A1E7A4F7556}") = "Benchmarks", "Benchmarks\Benchmarks.csproj", "{AA97487F-76CD-40BC-B89E-2EA200FAAB79}"
EndProject
Project("{FAE04EC0-301F-11D3-BF4B-00C04F79EFBC}") = "Tests", "Tests\Tests.csproj", "{093BAAAD-3FC4-411A-B822-F30FFD0D2CE9}"
EndProject
Global
	GlobalSection(SolutionConfigurationPlatforms) = preSolution
		Debug|Any CPU = Debug|Any CPU
		Release|Any CPU = Release|Any CPU
	EndGlobalSection
	GlobalSection(ProjectConfigurationPlatforms) = postSolution
		{BB325EBA-D793-475C-B395-EA7732D686C4}.Debug|Any CPU.ActiveCfg = Debug|Any CPU
		{BB325EBA-D793-475C-B395-EA7732D686C4}.Debug|Any CPU.Build.0 = Debug|Any CPU
		{BB325EBA-D793-475C-B395-EA7732D686C4}.Release|Any CPU.ActiveCfg = Release|Any CPU
		{BB325EBA-D793-475C-B395-EA7732D686C4}.Release|Any CPU.Build.0 = Release|Any CPU
		{AA97487F-76CD-40BC-B89E-2EA200FAAB79}.Debug|Any CPU.ActiveCfg = Debug|Any CPU
		{AA97487F-76CD-40BC-B89E-2EA200FAAB79}.Debug|Any CPU.Build.0 = Debug|Any CPU
		{AA97487F-76CD-40BC-B89E-2EA200FAAB79}.Release|Any CPU.ActiveCfg = Release|Any CPU
		{AA97487F-76CD-40BC-B89E-2EA200FAAB79}.Release|Any CPU.Build.0 = Release|Any CPU
		{093BAAAD-3FC4-411A-B822-F30FFD0D2CE9}.Debug|Any CPU.ActiveCfg = Debug|Any CPU
		{093BAAAD-3FC4-411A-B822-F30FFD0D2CE9}.Debug|Any CPU.Build.0 = Debug|Any CPU
		{093BAAAD-3FC4-411A-B822-F30FFD0D2CE9}.Release|Any CPU.ActiveCfg = Release|Any CPU
		{093BAAAD-3FC4-411A-B822-F30FFD0D2CE9}.Release|Any CPU.Build.0 = Release|Any CPU
	EndGlobalSection
	GlobalSection(SolutionProperties) = preSolution
		HideSolutionNode = FALSE
	EndGlobalSection
	GlobalSection(ExtensibilityGlobals) = postSolution
		SolutionGuid = {FB6E0923-80A1-405E-B3FA-E7CB0D8E2CFE}
	EndGlobalSection
EndGlobal
